{
  "version": 4,
  "terraform_version": "0.13.6",
  "serial": 300,
  "lineage": "3c67b675-6c4a-2b1b-b955-c5291f3c50e8",
  "outputs": {
    "vpc": {
      "value": {
        "azs": [
          "us-east-1a",
          "us-east-1b"
        ],
        "cgw_arns": [],
        "cgw_ids": [],
        "database_internet_gateway_route_id": "",
        "database_ipv6_egress_route_id": "",
        "database_nat_gateway_route_ids": [],
        "database_network_acl_arn": "",
        "database_network_acl_id": "",
        "database_route_table_association_ids": [
          "rtbassoc-03d9641ca80e9db23",
          "rtbassoc-003bcf9c9ec2caf84"
        ],
        "database_route_table_ids": [
          "rtb-08f8f462f0c86ae5d"
        ],
        "database_subnet_arns": [
          "arn:aws:ec2:us-east-1:599908802495:subnet/subnet-0dd10ed31ace64f6f",
          "arn:aws:ec2:us-east-1:599908802495:subnet/subnet-04c803c864a61da86"
        ],
        "database_subnet_group": "hello_world_demo",
        "database_subnet_group_name": "hello_world_demo",
        "database_subnets": [
          "subnet-0dd10ed31ace64f6f",
          "subnet-04c803c864a61da86"
        ],
        "database_subnets_cidr_blocks": [
          "10.11.30.0/24",
          "10.11.31.0/24"
        ],
        "database_subnets_ipv6_cidr_blocks": [
          "",
          ""
        ],
        "default_network_acl_id": "acl-00979c1dffcff55b2",
        "default_route_table_id": "rtb-0af60081bc56ec7fe",
        "default_security_group_id": "sg-0bc8b858e5bdc139e",
        "default_vpc_arn": "",
        "default_vpc_cidr_block": "",
        "default_vpc_default_network_acl_id": "",
        "default_vpc_default_route_table_id": "",
        "default_vpc_default_security_group_id": "",
        "default_vpc_enable_dns_hostnames": "",
        "default_vpc_enable_dns_support": "",
        "default_vpc_id": "",
        "default_vpc_instance_tenancy": "",
        "default_vpc_main_route_table_id": "",
        "egress_only_internet_gateway_id": "",
        "elasticache_network_acl_arn": "",
        "elasticache_network_acl_id": "",
        "elasticache_route_table_association_ids": [],
        "elasticache_route_table_ids": [
          "rtb-08f8f462f0c86ae5d"
        ],
        "elasticache_subnet_arns": [],
        "elasticache_subnet_group": "",
        "elasticache_subnet_group_name": "",
        "elasticache_subnets": [],
        "elasticache_subnets_cidr_blocks": [],
        "elasticache_subnets_ipv6_cidr_blocks": [],
        "igw_arn": "arn:aws:ec2:us-east-1:599908802495:internet-gateway/igw-0c1ad164a73c06da3",
        "igw_id": "igw-0c1ad164a73c06da3",
        "intra_network_acl_arn": "",
        "intra_network_acl_id": "",
        "intra_route_table_association_ids": [],
        "intra_route_table_ids": [],
        "intra_subnet_arns": [],
        "intra_subnets": [],
        "intra_subnets_cidr_blocks": [],
        "intra_subnets_ipv6_cidr_blocks": [],
        "name": "hello_world_demo",
        "nat_ids": [
          "eipalloc-01694bdc8460dafec"
        ],
        "nat_public_ips": [
          "54.174.179.170"
        ],
        "natgw_ids": [
          "nat-052f1db47a534618e"
        ],
        "private_ipv6_egress_route_ids": [],
        "private_nat_gateway_route_ids": [
          "r-rtb-08f8f462f0c86ae5d1080289494"
        ],
        "private_network_acl_arn": "",
        "private_network_acl_id": "",
        "private_route_table_association_ids": [
          "rtbassoc-0c53a26c7bbbf174e",
          "rtbassoc-0a139ca583591dac0"
        ],
        "private_route_table_ids": [
          "rtb-08f8f462f0c86ae5d"
        ],
        "private_subnet_arns": [
          "arn:aws:ec2:us-east-1:599908802495:subnet/subnet-096ff4de659530b74",
          "arn:aws:ec2:us-east-1:599908802495:subnet/subnet-05fe4f98639ff4274"
        ],
        "private_subnets": [
          "subnet-096ff4de659530b74",
          "subnet-05fe4f98639ff4274"
        ],
        "private_subnets_cidr_blocks": [
          "10.11.10.0/24",
          "10.11.11.0/24"
        ],
        "private_subnets_ipv6_cidr_blocks": [
          "",
          ""
        ],
        "public_internet_gateway_ipv6_route_id": "",
        "public_internet_gateway_route_id": "r-rtb-045c9b4550d05f71d1080289494",
        "public_network_acl_arn": "",
        "public_network_acl_id": "",
        "public_route_table_association_ids": [
          "rtbassoc-00953f8d1193852ff",
          "rtbassoc-06a811eedb97e3646"
        ],
        "public_route_table_ids": [
          "rtb-045c9b4550d05f71d"
        ],
        "public_subnet_arns": [
          "arn:aws:ec2:us-east-1:599908802495:subnet/subnet-04bf16d6fc39bea58",
          "arn:aws:ec2:us-east-1:599908802495:subnet/subnet-09b63ddc9dd314aa6"
        ],
        "public_subnets": [
          "subnet-04bf16d6fc39bea58",
          "subnet-09b63ddc9dd314aa6"
        ],
        "public_subnets_cidr_blocks": [
          "10.11.20.0/24",
          "10.11.21.0/24"
        ],
        "public_subnets_ipv6_cidr_blocks": [
          "",
          ""
        ],
        "redshift_network_acl_arn": "",
        "redshift_network_acl_id": "",
        "redshift_public_route_table_association_ids": [],
        "redshift_route_table_association_ids": [],
        "redshift_route_table_ids": [
          "rtb-08f8f462f0c86ae5d"
        ],
        "redshift_subnet_arns": [],
        "redshift_subnet_group": "",
        "redshift_subnets": [],
        "redshift_subnets_cidr_blocks": [],
        "redshift_subnets_ipv6_cidr_blocks": [],
        "this_customer_gateway": {},
        "vgw_arn": "",
        "vgw_id": "",
        "vpc_arn": "arn:aws:ec2:us-east-1:599908802495:vpc/vpc-0a99b62d225d4f4c8",
        "vpc_cidr_block": "10.11.0.0/16",
        "vpc_enable_dns_hostnames": true,
        "vpc_enable_dns_support": true,
        "vpc_endpoint_access_analyzer_dns_entry": [],
        "vpc_endpoint_access_analyzer_id": "",
        "vpc_endpoint_access_analyzer_network_interface_ids": [],
        "vpc_endpoint_acm_pca_dns_entry": [],
        "vpc_endpoint_acm_pca_id": "",
        "vpc_endpoint_acm_pca_network_interface_ids": [],
        "vpc_endpoint_apigw_dns_entry": [],
        "vpc_endpoint_apigw_id": "",
        "vpc_endpoint_apigw_network_interface_ids": [],
        "vpc_endpoint_appmesh_envoy_management_dns_entry": [],
        "vpc_endpoint_appmesh_envoy_management_id": "",
        "vpc_endpoint_appmesh_envoy_management_network_interface_ids": [],
        "vpc_endpoint_appstream_api_dns_entry": [],
        "vpc_endpoint_appstream_api_id": "",
        "vpc_endpoint_appstream_api_network_interface_ids": [],
        "vpc_endpoint_appstream_streaming_dns_entry": [],
        "vpc_endpoint_appstream_streaming_id": "",
        "vpc_endpoint_appstream_streaming_network_interface_ids": [],
        "vpc_endpoint_athena_dns_entry": [],
        "vpc_endpoint_athena_id": "",
        "vpc_endpoint_athena_network_interface_ids": [],
        "vpc_endpoint_auto_scaling_plans_dns_entry": [],
        "vpc_endpoint_auto_scaling_plans_id": "",
        "vpc_endpoint_auto_scaling_plans_network_interface_ids": [],
        "vpc_endpoint_cloud_directory_dns_entry": [],
        "vpc_endpoint_cloud_directory_id": "",
        "vpc_endpoint_cloud_directory_network_interface_ids": [],
        "vpc_endpoint_cloudformation_dns_entry": [],
        "vpc_endpoint_cloudformation_id": "",
        "vpc_endpoint_cloudformation_network_interface_ids": [],
        "vpc_endpoint_cloudtrail_dns_entry": [],
        "vpc_endpoint_cloudtrail_id": "",
        "vpc_endpoint_cloudtrail_network_interface_ids": [],
        "vpc_endpoint_codeartifact_api_dns_entry": [],
        "vpc_endpoint_codeartifact_api_id": "",
        "vpc_endpoint_codeartifact_api_network_interface_ids": [],
        "vpc_endpoint_codeartifact_repositories_dns_entry": [],
        "vpc_endpoint_codeartifact_repositories_id": "",
        "vpc_endpoint_codeartifact_repositories_network_interface_ids": [],
        "vpc_endpoint_codebuild_dns_entry": [],
        "vpc_endpoint_codebuild_id": "",
        "vpc_endpoint_codebuild_network_interface_ids": [],
        "vpc_endpoint_codecommit_dns_entry": [],
        "vpc_endpoint_codecommit_id": "",
        "vpc_endpoint_codecommit_network_interface_ids": [],
        "vpc_endpoint_codepipeline_dns_entry": [],
        "vpc_endpoint_codepipeline_id": "",
        "vpc_endpoint_codepipeline_network_interface_ids": [],
        "vpc_endpoint_config_dns_entry": [],
        "vpc_endpoint_config_id": "",
        "vpc_endpoint_config_network_interface_ids": [],
        "vpc_endpoint_datasync_dns_entry": [],
        "vpc_endpoint_datasync_id": "",
        "vpc_endpoint_datasync_network_interface_ids": [],
        "vpc_endpoint_dms_dns_entry": [],
        "vpc_endpoint_dms_id": "",
        "vpc_endpoint_dms_network_interface_ids": [],
        "vpc_endpoint_dynamodb_id": "",
        "vpc_endpoint_dynamodb_pl_id": "",
        "vpc_endpoint_ebs_dns_entry": [],
        "vpc_endpoint_ebs_id": "",
        "vpc_endpoint_ebs_network_interface_ids": [],
        "vpc_endpoint_ec2_autoscaling_dns_entry": [],
        "vpc_endpoint_ec2_autoscaling_id": "",
        "vpc_endpoint_ec2_autoscaling_network_interface_ids": [],
        "vpc_endpoint_ec2_dns_entry": [],
        "vpc_endpoint_ec2_id": "",
        "vpc_endpoint_ec2_network_interface_ids": [],
        "vpc_endpoint_ec2messages_dns_entry": [],
        "vpc_endpoint_ec2messages_id": "",
        "vpc_endpoint_ec2messages_network_interface_ids": [],
        "vpc_endpoint_ecr_api_dns_entry": [],
        "vpc_endpoint_ecr_api_id": "",
        "vpc_endpoint_ecr_api_network_interface_ids": [],
        "vpc_endpoint_ecr_dkr_dns_entry": [],
        "vpc_endpoint_ecr_dkr_id": "",
        "vpc_endpoint_ecr_dkr_network_interface_ids": [],
        "vpc_endpoint_ecs_agent_dns_entry": [],
        "vpc_endpoint_ecs_agent_id": "",
        "vpc_endpoint_ecs_agent_network_interface_ids": [],
        "vpc_endpoint_ecs_dns_entry": [],
        "vpc_endpoint_ecs_id": "",
        "vpc_endpoint_ecs_network_interface_ids": [],
        "vpc_endpoint_ecs_telemetry_dns_entry": [],
        "vpc_endpoint_ecs_telemetry_id": "",
        "vpc_endpoint_ecs_telemetry_network_interface_ids": [],
        "vpc_endpoint_efs_dns_entry": [],
        "vpc_endpoint_efs_id": "",
        "vpc_endpoint_efs_network_interface_ids": [],
        "vpc_endpoint_elastic_inference_runtime_dns_entry": [],
        "vpc_endpoint_elastic_inference_runtime_id": "",
        "vpc_endpoint_elastic_inference_runtime_network_interface_ids": [],
        "vpc_endpoint_elasticbeanstalk_dns_entry": [],
        "vpc_endpoint_elasticbeanstalk_health_dns_entry": [],
        "vpc_endpoint_elasticbeanstalk_health_id": "",
        "vpc_endpoint_elasticbeanstalk_health_network_interface_ids": [],
        "vpc_endpoint_elasticbeanstalk_id": "",
        "vpc_endpoint_elasticbeanstalk_network_interface_ids": [],
        "vpc_endpoint_elasticloadbalancing_dns_entry": [],
        "vpc_endpoint_elasticloadbalancing_id": "",
        "vpc_endpoint_elasticloadbalancing_network_interface_ids": [],
        "vpc_endpoint_elasticmapreduce_dns_entry": [],
        "vpc_endpoint_elasticmapreduce_id": "",
        "vpc_endpoint_elasticmapreduce_network_interface_ids": [],
        "vpc_endpoint_events_dns_entry": [],
        "vpc_endpoint_events_id": "",
        "vpc_endpoint_events_network_interface_ids": [],
        "vpc_endpoint_git_codecommit_dns_entry": [],
        "vpc_endpoint_git_codecommit_id": "",
        "vpc_endpoint_git_codecommit_network_interface_ids": [],
        "vpc_endpoint_glue_dns_entry": [],
        "vpc_endpoint_glue_id": "",
        "vpc_endpoint_glue_network_interface_ids": [],
        "vpc_endpoint_kinesis_firehose_dns_entry": [],
        "vpc_endpoint_kinesis_firehose_id": "",
        "vpc_endpoint_kinesis_firehose_network_interface_ids": [],
        "vpc_endpoint_kinesis_streams_dns_entry": [],
        "vpc_endpoint_kinesis_streams_id": "",
        "vpc_endpoint_kinesis_streams_network_interface_ids": [],
        "vpc_endpoint_kms_dns_entry": [],
        "vpc_endpoint_kms_id": "",
        "vpc_endpoint_kms_network_interface_ids": [],
        "vpc_endpoint_lambda_dns_entry": [],
        "vpc_endpoint_lambda_id": "",
        "vpc_endpoint_lambda_network_interface_ids": [],
        "vpc_endpoint_logs_dns_entry": [],
        "vpc_endpoint_logs_id": "",
        "vpc_endpoint_logs_network_interface_ids": [],
        "vpc_endpoint_monitoring_dns_entry": [],
        "vpc_endpoint_monitoring_id": "",
        "vpc_endpoint_monitoring_network_interface_ids": [],
        "vpc_endpoint_qldb_session_dns_entry": [],
        "vpc_endpoint_qldb_session_id": "",
        "vpc_endpoint_qldb_session_network_interface_ids": [],
        "vpc_endpoint_rds_dns_entry": [],
        "vpc_endpoint_rds_id": "",
        "vpc_endpoint_rds_network_interface_ids": [],
        "vpc_endpoint_rekognition_dns_entry": [],
        "vpc_endpoint_rekognition_id": "",
        "vpc_endpoint_rekognition_network_interface_ids": [],
        "vpc_endpoint_s3_id": "",
        "vpc_endpoint_s3_pl_id": "",
        "vpc_endpoint_sagemaker_api_dns_entry": [],
        "vpc_endpoint_sagemaker_api_id": "",
        "vpc_endpoint_sagemaker_api_network_interface_ids": [],
        "vpc_endpoint_sagemaker_runtime_dns_entry": [],
        "vpc_endpoint_sagemaker_runtime_id": "",
        "vpc_endpoint_sagemaker_runtime_network_interface_ids": [],
        "vpc_endpoint_secretsmanager_dns_entry": [],
        "vpc_endpoint_secretsmanager_id": "",
        "vpc_endpoint_secretsmanager_network_interface_ids": [],
        "vpc_endpoint_servicecatalog_dns_entry": [],
        "vpc_endpoint_servicecatalog_id": "",
        "vpc_endpoint_servicecatalog_network_interface_ids": [],
        "vpc_endpoint_ses_dns_entry": [],
        "vpc_endpoint_ses_id": "",
        "vpc_endpoint_ses_network_interface_ids": [],
        "vpc_endpoint_sms_dns_entry": [],
        "vpc_endpoint_sms_id": "",
        "vpc_endpoint_sms_network_interface_ids": [],
        "vpc_endpoint_sns_dns_entry": [],
        "vpc_endpoint_sns_id": "",
        "vpc_endpoint_sns_network_interface_ids": [],
        "vpc_endpoint_sqs_dns_entry": [],
        "vpc_endpoint_sqs_id": "",
        "vpc_endpoint_sqs_network_interface_ids": [],
        "vpc_endpoint_ssm_dns_entry": [],
        "vpc_endpoint_ssm_id": "",
        "vpc_endpoint_ssm_network_interface_ids": [],
        "vpc_endpoint_ssmmessages_dns_entry": [],
        "vpc_endpoint_ssmmessages_id": "",
        "vpc_endpoint_ssmmessages_network_interface_ids": [],
        "vpc_endpoint_states_dns_entry": [],
        "vpc_endpoint_states_id": "",
        "vpc_endpoint_states_network_interface_ids": [],
        "vpc_endpoint_storagegateway_dns_entry": [],
        "vpc_endpoint_storagegateway_id": "",
        "vpc_endpoint_storagegateway_network_interface_ids": [],
        "vpc_endpoint_sts_dns_entry": [],
        "vpc_endpoint_sts_id": "",
        "vpc_endpoint_sts_network_interface_ids": [],
        "vpc_endpoint_textract_dns_entry": [],
        "vpc_endpoint_textract_id": "",
        "vpc_endpoint_textract_network_interface_ids": [],
        "vpc_endpoint_transfer_dns_entry": [],
        "vpc_endpoint_transfer_id": "",
        "vpc_endpoint_transfer_network_interface_ids": [],
        "vpc_endpoint_transferserver_dns_entry": [],
        "vpc_endpoint_transferserver_id": "",
        "vpc_endpoint_transferserver_network_interface_ids": [],
        "vpc_endpoint_workspaces_dns_entry": [],
        "vpc_endpoint_workspaces_id": "",
        "vpc_endpoint_workspaces_network_interface_ids": [],
        "vpc_flow_log_cloudwatch_iam_role_arn": "",
        "vpc_flow_log_destination_arn": "",
        "vpc_flow_log_destination_type": "cloud-watch-logs",
        "vpc_flow_log_id": "",
        "vpc_id": "vpc-0a99b62d225d4f4c8",
        "vpc_instance_tenancy": "default",
        "vpc_ipv6_association_id": "",
        "vpc_ipv6_cidr_block": "",
        "vpc_main_route_table_id": "rtb-0af60081bc56ec7fe",
        "vpc_owner_id": "599908802495",
        "vpc_secondary_cidr_blocks": []
      },
      "type": [
        "object",
        {
          "azs": [
            "list",
            "string"
          ],
          "cgw_arns": [
            "tuple",
            []
          ],
          "cgw_ids": [
            "tuple",
            []
          ],
          "database_internet_gateway_route_id": "string",
          "database_ipv6_egress_route_id": "string",
          "database_nat_gateway_route_ids": [
            "tuple",
            []
          ],
          "database_network_acl_arn": "string",
          "database_network_acl_id": "string",
          "database_route_table_association_ids": [
            "tuple",
            [
              "string",
              "string"
            ]
          ],
          "database_route_table_ids": [
            "list",
            "string"
          ],
          "database_subnet_arns": [
            "tuple",
            [
              "string",
              "string"
            ]
          ],
          "database_subnet_group": "string",
          "database_subnet_group_name": "string",
          "database_subnets": [
            "tuple",
            [
              "string",
              "string"
            ]
          ],
          "database_subnets_cidr_blocks": [
            "tuple",
            [
              "string",
              "string"
            ]
          ],
          "database_subnets_ipv6_cidr_blocks": [
            "tuple",
            [
              "string",
              "string"
            ]
          ],
          "default_network_acl_id": "string",
          "default_route_table_id": "string",
          "default_security_group_id": "string",
          "default_vpc_arn": "string",
          "default_vpc_cidr_block": "string",
          "default_vpc_default_network_acl_id": "string",
          "default_vpc_default_route_table_id": "string",
          "default_vpc_default_security_group_id": "string",
          "default_vpc_enable_dns_hostnames": "string",
          "default_vpc_enable_dns_support": "string",
          "default_vpc_id": "string",
          "default_vpc_instance_tenancy": "string",
          "default_vpc_main_route_table_id": "string",
          "egress_only_internet_gateway_id": "string",
          "elasticache_network_acl_arn": "string",
          "elasticache_network_acl_id": "string",
          "elasticache_route_table_association_ids": [
            "tuple",
            []
          ],
          "elasticache_route_table_ids": [
            "list",
            "string"
          ],
          "elasticache_subnet_arns": [
            "tuple",
            []
          ],
          "elasticache_subnet_group": "string",
          "elasticache_subnet_group_name": "string",
          "elasticache_subnets": [
            "tuple",
            []
          ],
          "elasticache_subnets_cidr_blocks": [
            "tuple",
            []
          ],
          "elasticache_subnets_ipv6_cidr_blocks": [
            "tuple",
            []
          ],
          "igw_arn": "string",
          "igw_id": "string",
          "intra_network_acl_arn": "string",
          "intra_network_acl_id": "string",
          "intra_route_table_association_ids": [
            "tuple",
            []
          ],
          "intra_route_table_ids": [
            "tuple",
            []
          ],
          "intra_subnet_arns": [
            "tuple",
            []
          ],
          "intra_subnets": [
            "tuple",
            []
          ],
          "intra_subnets_cidr_blocks": [
            "tuple",
            []
          ],
          "intra_subnets_ipv6_cidr_blocks": [
            "tuple",
            []
          ],
          "name": "string",
          "nat_ids": [
            "tuple",
            [
              "string"
            ]
          ],
          "nat_public_ips": [
            "list",
            "string"
          ],
          "natgw_ids": [
            "tuple",
            [
              "string"
            ]
          ],
          "private_ipv6_egress_route_ids": [
            "tuple",
            []
          ],
          "private_nat_gateway_route_ids": [
            "tuple",
            [
              "string"
            ]
          ],
          "private_network_acl_arn": "string",
          "private_network_acl_id": "string",
          "private_route_table_association_ids": [
            "tuple",
            [
              "string",
              "string"
            ]
          ],
          "private_route_table_ids": [
            "tuple",
            [
              "string"
            ]
          ],
          "private_subnet_arns": [
            "tuple",
            [
              "string",
              "string"
            ]
          ],
          "private_subnets": [
            "tuple",
            [
              "string",
              "string"
            ]
          ],
          "private_subnets_cidr_blocks": [
            "tuple",
            [
              "string",
              "string"
            ]
          ],
          "private_subnets_ipv6_cidr_blocks": [
            "tuple",
            [
              "string",
              "string"
            ]
          ],
          "public_internet_gateway_ipv6_route_id": "string",
          "public_internet_gateway_route_id": "string",
          "public_network_acl_arn": "string",
          "public_network_acl_id": "string",
          "public_route_table_association_ids": [
            "tuple",
            [
              "string",
              "string"
            ]
          ],
          "public_route_table_ids": [
            "tuple",
            [
              "string"
            ]
          ],
          "public_subnet_arns": [
            "tuple",
            [
              "string",
              "string"
            ]
          ],
          "public_subnets": [
            "tuple",
            [
              "string",
              "string"
            ]
          ],
          "public_subnets_cidr_blocks": [
            "tuple",
            [
              "string",
              "string"
            ]
          ],
          "public_subnets_ipv6_cidr_blocks": [
            "tuple",
            [
              "string",
              "string"
            ]
          ],
          "redshift_network_acl_arn": "string",
          "redshift_network_acl_id": "string",
          "redshift_public_route_table_association_ids": [
            "tuple",
            []
          ],
          "redshift_route_table_association_ids": [
            "tuple",
            []
          ],
          "redshift_route_table_ids": [
            "list",
            "string"
          ],
          "redshift_subnet_arns": [
            "tuple",
            []
          ],
          "redshift_subnet_group": "string",
          "redshift_subnets": [
            "tuple",
            []
          ],
          "redshift_subnets_cidr_blocks": [
            "tuple",
            []
          ],
          "redshift_subnets_ipv6_cidr_blocks": [
            "tuple",
            []
          ],
          "this_customer_gateway": [
            "object",
            {}
          ],
          "vgw_arn": "string",
          "vgw_id": "string",
          "vpc_arn": "string",
          "vpc_cidr_block": "string",
          "vpc_enable_dns_hostnames": "bool",
          "vpc_enable_dns_support": "bool",
          "vpc_endpoint_access_analyzer_dns_entry": [
            "tuple",
            []
          ],
          "vpc_endpoint_access_analyzer_id": "string",
          "vpc_endpoint_access_analyzer_network_interface_ids": [
            "tuple",
            []
          ],
          "vpc_endpoint_acm_pca_dns_entry": [
            "tuple",
            []
          ],
          "vpc_endpoint_acm_pca_id": "string",
          "vpc_endpoint_acm_pca_network_interface_ids": [
            "tuple",
            []
          ],
          "vpc_endpoint_apigw_dns_entry": [
            "tuple",
            []
          ],
          "vpc_endpoint_apigw_id": "string",
          "vpc_endpoint_apigw_network_interface_ids": [
            "tuple",
            []
          ],
          "vpc_endpoint_appmesh_envoy_management_dns_entry": [
            "tuple",
            []
          ],
          "vpc_endpoint_appmesh_envoy_management_id": "string",
          "vpc_endpoint_appmesh_envoy_management_network_interface_ids": [
            "tuple",
            []
          ],
          "vpc_endpoint_appstream_api_dns_entry": [
            "tuple",
            []
          ],
          "vpc_endpoint_appstream_api_id": "string",
          "vpc_endpoint_appstream_api_network_interface_ids": [
            "tuple",
            []
          ],
          "vpc_endpoint_appstream_streaming_dns_entry": [
            "tuple",
            []
          ],
          "vpc_endpoint_appstream_streaming_id": "string",
          "vpc_endpoint_appstream_streaming_network_interface_ids": [
            "tuple",
            []
          ],
          "vpc_endpoint_athena_dns_entry": [
            "tuple",
            []
          ],
          "vpc_endpoint_athena_id": "string",
          "vpc_endpoint_athena_network_interface_ids": [
            "tuple",
            []
          ],
          "vpc_endpoint_auto_scaling_plans_dns_entry": [
            "tuple",
            []
          ],
          "vpc_endpoint_auto_scaling_plans_id": "string",
          "vpc_endpoint_auto_scaling_plans_network_interface_ids": [
            "tuple",
            []
          ],
          "vpc_endpoint_cloud_directory_dns_entry": [
            "tuple",
            []
          ],
          "vpc_endpoint_cloud_directory_id": "string",
          "vpc_endpoint_cloud_directory_network_interface_ids": [
            "tuple",
            []
          ],
          "vpc_endpoint_cloudformation_dns_entry": [
            "tuple",
            []
          ],
          "vpc_endpoint_cloudformation_id": "string",
          "vpc_endpoint_cloudformation_network_interface_ids": [
            "tuple",
            []
          ],
          "vpc_endpoint_cloudtrail_dns_entry": [
            "tuple",
            []
          ],
          "vpc_endpoint_cloudtrail_id": "string",
          "vpc_endpoint_cloudtrail_network_interface_ids": [
            "tuple",
            []
          ],
          "vpc_endpoint_codeartifact_api_dns_entry": [
            "tuple",
            []
          ],
          "vpc_endpoint_codeartifact_api_id": "string",
          "vpc_endpoint_codeartifact_api_network_interface_ids": [
            "tuple",
            []
          ],
          "vpc_endpoint_codeartifact_repositories_dns_entry": [
            "tuple",
            []
          ],
          "vpc_endpoint_codeartifact_repositories_id": "string",
          "vpc_endpoint_codeartifact_repositories_network_interface_ids": [
            "tuple",
            []
          ],
          "vpc_endpoint_codebuild_dns_entry": [
            "tuple",
            []
          ],
          "vpc_endpoint_codebuild_id": "string",
          "vpc_endpoint_codebuild_network_interface_ids": [
            "tuple",
            []
          ],
          "vpc_endpoint_codecommit_dns_entry": [
            "tuple",
            []
          ],
          "vpc_endpoint_codecommit_id": "string",
          "vpc_endpoint_codecommit_network_interface_ids": [
            "tuple",
            []
          ],
          "vpc_endpoint_codepipeline_dns_entry": [
            "tuple",
            []
          ],
          "vpc_endpoint_codepipeline_id": "string",
          "vpc_endpoint_codepipeline_network_interface_ids": [
            "tuple",
            []
          ],
          "vpc_endpoint_config_dns_entry": [
            "tuple",
            []
          ],
          "vpc_endpoint_config_id": "string",
          "vpc_endpoint_config_network_interface_ids": [
            "tuple",
            []
          ],
          "vpc_endpoint_datasync_dns_entry": [
            "tuple",
            []
          ],
          "vpc_endpoint_datasync_id": "string",
          "vpc_endpoint_datasync_network_interface_ids": [
            "tuple",
            []
          ],
          "vpc_endpoint_dms_dns_entry": [
            "tuple",
            []
          ],
          "vpc_endpoint_dms_id": "string",
          "vpc_endpoint_dms_network_interface_ids": [
            "tuple",
            []
          ],
          "vpc_endpoint_dynamodb_id": "string",
          "vpc_endpoint_dynamodb_pl_id": "string",
          "vpc_endpoint_ebs_dns_entry": [
            "tuple",
            []
          ],
          "vpc_endpoint_ebs_id": "string",
          "vpc_endpoint_ebs_network_interface_ids": [
            "tuple",
            []
          ],
          "vpc_endpoint_ec2_autoscaling_dns_entry": [
            "tuple",
            []
          ],
          "vpc_endpoint_ec2_autoscaling_id": "string",
          "vpc_endpoint_ec2_autoscaling_network_interface_ids": [
            "tuple",
            []
          ],
          "vpc_endpoint_ec2_dns_entry": [
            "tuple",
            []
          ],
          "vpc_endpoint_ec2_id": "string",
          "vpc_endpoint_ec2_network_interface_ids": [
            "tuple",
            []
          ],
          "vpc_endpoint_ec2messages_dns_entry": [
            "tuple",
            []
          ],
          "vpc_endpoint_ec2messages_id": "string",
          "vpc_endpoint_ec2messages_network_interface_ids": [
            "tuple",
            []
          ],
          "vpc_endpoint_ecr_api_dns_entry": [
            "tuple",
            []
          ],
          "vpc_endpoint_ecr_api_id": "string",
          "vpc_endpoint_ecr_api_network_interface_ids": [
            "tuple",
            []
          ],
          "vpc_endpoint_ecr_dkr_dns_entry": [
            "tuple",
            []
          ],
          "vpc_endpoint_ecr_dkr_id": "string",
          "vpc_endpoint_ecr_dkr_network_interface_ids": [
            "tuple",
            []
          ],
          "vpc_endpoint_ecs_agent_dns_entry": [
            "tuple",
            []
          ],
          "vpc_endpoint_ecs_agent_id": "string",
          "vpc_endpoint_ecs_agent_network_interface_ids": [
            "tuple",
            []
          ],
          "vpc_endpoint_ecs_dns_entry": [
            "tuple",
            []
          ],
          "vpc_endpoint_ecs_id": "string",
          "vpc_endpoint_ecs_network_interface_ids": [
            "tuple",
            []
          ],
          "vpc_endpoint_ecs_telemetry_dns_entry": [
            "tuple",
            []
          ],
          "vpc_endpoint_ecs_telemetry_id": "string",
          "vpc_endpoint_ecs_telemetry_network_interface_ids": [
            "tuple",
            []
          ],
          "vpc_endpoint_efs_dns_entry": [
            "tuple",
            []
          ],
          "vpc_endpoint_efs_id": "string",
          "vpc_endpoint_efs_network_interface_ids": [
            "tuple",
            []
          ],
          "vpc_endpoint_elastic_inference_runtime_dns_entry": [
            "tuple",
            []
          ],
          "vpc_endpoint_elastic_inference_runtime_id": "string",
          "vpc_endpoint_elastic_inference_runtime_network_interface_ids": [
            "tuple",
            []
          ],
          "vpc_endpoint_elasticbeanstalk_dns_entry": [
            "tuple",
            []
          ],
          "vpc_endpoint_elasticbeanstalk_health_dns_entry": [
            "tuple",
            []
          ],
          "vpc_endpoint_elasticbeanstalk_health_id": "string",
          "vpc_endpoint_elasticbeanstalk_health_network_interface_ids": [
            "tuple",
            []
          ],
          "vpc_endpoint_elasticbeanstalk_id": "string",
          "vpc_endpoint_elasticbeanstalk_network_interface_ids": [
            "tuple",
            []
          ],
          "vpc_endpoint_elasticloadbalancing_dns_entry": [
            "tuple",
            []
          ],
          "vpc_endpoint_elasticloadbalancing_id": "string",
          "vpc_endpoint_elasticloadbalancing_network_interface_ids": [
            "tuple",
            []
          ],
          "vpc_endpoint_elasticmapreduce_dns_entry": [
            "tuple",
            []
          ],
          "vpc_endpoint_elasticmapreduce_id": "string",
          "vpc_endpoint_elasticmapreduce_network_interface_ids": [
            "tuple",
            []
          ],
          "vpc_endpoint_events_dns_entry": [
            "tuple",
            []
          ],
          "vpc_endpoint_events_id": "string",
          "vpc_endpoint_events_network_interface_ids": [
            "tuple",
            []
          ],
          "vpc_endpoint_git_codecommit_dns_entry": [
            "tuple",
            []
          ],
          "vpc_endpoint_git_codecommit_id": "string",
          "vpc_endpoint_git_codecommit_network_interface_ids": [
            "tuple",
            []
          ],
          "vpc_endpoint_glue_dns_entry": [
            "tuple",
            []
          ],
          "vpc_endpoint_glue_id": "string",
          "vpc_endpoint_glue_network_interface_ids": [
            "tuple",
            []
          ],
          "vpc_endpoint_kinesis_firehose_dns_entry": [
            "tuple",
            []
          ],
          "vpc_endpoint_kinesis_firehose_id": "string",
          "vpc_endpoint_kinesis_firehose_network_interface_ids": [
            "tuple",
            []
          ],
          "vpc_endpoint_kinesis_streams_dns_entry": [
            "tuple",
            []
          ],
          "vpc_endpoint_kinesis_streams_id": "string",
          "vpc_endpoint_kinesis_streams_network_interface_ids": [
            "tuple",
            []
          ],
          "vpc_endpoint_kms_dns_entry": [
            "tuple",
            []
          ],
          "vpc_endpoint_kms_id": "string",
          "vpc_endpoint_kms_network_interface_ids": [
            "tuple",
            []
          ],
          "vpc_endpoint_lambda_dns_entry": [
            "tuple",
            []
          ],
          "vpc_endpoint_lambda_id": "string",
          "vpc_endpoint_lambda_network_interface_ids": [
            "tuple",
            []
          ],
          "vpc_endpoint_logs_dns_entry": [
            "tuple",
            []
          ],
          "vpc_endpoint_logs_id": "string",
          "vpc_endpoint_logs_network_interface_ids": [
            "tuple",
            []
          ],
          "vpc_endpoint_monitoring_dns_entry": [
            "tuple",
            []
          ],
          "vpc_endpoint_monitoring_id": "string",
          "vpc_endpoint_monitoring_network_interface_ids": [
            "tuple",
            []
          ],
          "vpc_endpoint_qldb_session_dns_entry": [
            "tuple",
            []
          ],
          "vpc_endpoint_qldb_session_id": "string",
          "vpc_endpoint_qldb_session_network_interface_ids": [
            "tuple",
            []
          ],
          "vpc_endpoint_rds_dns_entry": [
            "tuple",
            []
          ],
          "vpc_endpoint_rds_id": "string",
          "vpc_endpoint_rds_network_interface_ids": [
            "tuple",
            []
          ],
          "vpc_endpoint_rekognition_dns_entry": [
            "tuple",
            []
          ],
          "vpc_endpoint_rekognition_id": "string",
          "vpc_endpoint_rekognition_network_interface_ids": [
            "tuple",
            []
          ],
          "vpc_endpoint_s3_id": "string",
          "vpc_endpoint_s3_pl_id": "string",
          "vpc_endpoint_sagemaker_api_dns_entry": [
            "tuple",
            []
          ],
          "vpc_endpoint_sagemaker_api_id": "string",
          "vpc_endpoint_sagemaker_api_network_interface_ids": [
            "tuple",
            []
          ],
          "vpc_endpoint_sagemaker_runtime_dns_entry": [
            "tuple",
            []
          ],
          "vpc_endpoint_sagemaker_runtime_id": "string",
          "vpc_endpoint_sagemaker_runtime_network_interface_ids": [
            "tuple",
            []
          ],
          "vpc_endpoint_secretsmanager_dns_entry": [
            "tuple",
            []
          ],
          "vpc_endpoint_secretsmanager_id": "string",
          "vpc_endpoint_secretsmanager_network_interface_ids": [
            "tuple",
            []
          ],
          "vpc_endpoint_servicecatalog_dns_entry": [
            "tuple",
            []
          ],
          "vpc_endpoint_servicecatalog_id": "string",
          "vpc_endpoint_servicecatalog_network_interface_ids": [
            "tuple",
            []
          ],
          "vpc_endpoint_ses_dns_entry": [
            "tuple",
            []
          ],
          "vpc_endpoint_ses_id": "string",
          "vpc_endpoint_ses_network_interface_ids": [
            "tuple",
            []
          ],
          "vpc_endpoint_sms_dns_entry": [
            "tuple",
            []
          ],
          "vpc_endpoint_sms_id": "string",
          "vpc_endpoint_sms_network_interface_ids": [
            "tuple",
            []
          ],
          "vpc_endpoint_sns_dns_entry": [
            "tuple",
            []
          ],
          "vpc_endpoint_sns_id": "string",
          "vpc_endpoint_sns_network_interface_ids": [
            "tuple",
            []
          ],
          "vpc_endpoint_sqs_dns_entry": [
            "tuple",
            []
          ],
          "vpc_endpoint_sqs_id": "string",
          "vpc_endpoint_sqs_network_interface_ids": [
            "tuple",
            []
          ],
          "vpc_endpoint_ssm_dns_entry": [
            "tuple",
            []
          ],
          "vpc_endpoint_ssm_id": "string",
          "vpc_endpoint_ssm_network_interface_ids": [
            "tuple",
            []
          ],
          "vpc_endpoint_ssmmessages_dns_entry": [
            "tuple",
            []
          ],
          "vpc_endpoint_ssmmessages_id": "string",
          "vpc_endpoint_ssmmessages_network_interface_ids": [
            "tuple",
            []
          ],
          "vpc_endpoint_states_dns_entry": [
            "tuple",
            []
          ],
          "vpc_endpoint_states_id": "string",
          "vpc_endpoint_states_network_interface_ids": [
            "tuple",
            []
          ],
          "vpc_endpoint_storagegateway_dns_entry": [
            "tuple",
            []
          ],
          "vpc_endpoint_storagegateway_id": "string",
          "vpc_endpoint_storagegateway_network_interface_ids": [
            "tuple",
            []
          ],
          "vpc_endpoint_sts_dns_entry": [
            "tuple",
            []
          ],
          "vpc_endpoint_sts_id": "string",
          "vpc_endpoint_sts_network_interface_ids": [
            "tuple",
            []
          ],
          "vpc_endpoint_textract_dns_entry": [
            "tuple",
            []
          ],
          "vpc_endpoint_textract_id": "string",
          "vpc_endpoint_textract_network_interface_ids": [
            "tuple",
            []
          ],
          "vpc_endpoint_transfer_dns_entry": [
            "tuple",
            []
          ],
          "vpc_endpoint_transfer_id": "string",
          "vpc_endpoint_transfer_network_interface_ids": [
            "tuple",
            []
          ],
          "vpc_endpoint_transferserver_dns_entry": [
            "tuple",
            []
          ],
          "vpc_endpoint_transferserver_id": "string",
          "vpc_endpoint_transferserver_network_interface_ids": [
            "tuple",
            []
          ],
          "vpc_endpoint_workspaces_dns_entry": [
            "tuple",
            []
          ],
          "vpc_endpoint_workspaces_id": "string",
          "vpc_endpoint_workspaces_network_interface_ids": [
            "tuple",
            []
          ],
          "vpc_flow_log_cloudwatch_iam_role_arn": "string",
          "vpc_flow_log_destination_arn": "string",
          "vpc_flow_log_destination_type": "string",
          "vpc_flow_log_id": "string",
          "vpc_id": "string",
          "vpc_instance_tenancy": "string",
          "vpc_ipv6_association_id": "string",
          "vpc_ipv6_cidr_block": "string",
          "vpc_main_route_table_id": "string",
          "vpc_owner_id": "string",
          "vpc_secondary_cidr_blocks": [
            "tuple",
            []
          ]
        }
      ]
    }
  },
  "resources": [
    {
      "mode": "managed",
      "type": "aws_db_instance",
      "name": "hello_world_db",
      "provider": "provider[\"registry.terraform.io/hashicorp/aws\"]",
      "instances": [
        {
          "schema_version": 1,
          "attributes": {
            "address": "terraform-20210326225217962500000001.coc183vggxvt.us-east-1.rds.amazonaws.com",
            "allocated_storage": 10,
            "allow_major_version_upgrade": null,
            "apply_immediately": true,
            "arn": "arn:aws:rds:us-east-1:599908802495:db:terraform-20210326225217962500000001",
            "auto_minor_version_upgrade": true,
            "availability_zone": "us-east-1b",
            "backup_retention_period": 0,
            "backup_window": "06:15-06:45",
            "ca_cert_identifier": "rds-ca-2019",
            "character_set_name": null,
            "copy_tags_to_snapshot": false,
            "db_subnet_group_name": "hello_world_demo",
            "delete_automated_backups": true,
            "deletion_protection": false,
            "domain": "",
            "domain_iam_role_name": "",
            "enabled_cloudwatch_logs_exports": null,
            "endpoint": "terraform-20210326225217962500000001.coc183vggxvt.us-east-1.rds.amazonaws.com:5432",
            "engine": "postgres",
            "engine_version": "11.6",
            "final_snapshot_identifier": null,
            "hosted_zone_id": "Z2R2ITUGPM61AM",
            "iam_database_authentication_enabled": false,
            "id": "terraform-20210326225217962500000001",
            "identifier": "terraform-20210326225217962500000001",
            "identifier_prefix": null,
            "instance_class": "db.t2.micro",
            "iops": 0,
            "kms_key_id": "",
            "latest_restorable_time": "0001-01-01T00:00:00Z",
            "license_model": "postgresql-license",
            "maintenance_window": "thu:05:08-thu:05:38",
            "max_allocated_storage": 0,
            "monitoring_interval": 0,
            "monitoring_role_arn": "",
            "multi_az": false,
            "name": "hello_world",
            "option_group_name": "default:postgres-11",
            "parameter_group_name": "default.postgres11",
            "password": "hello_word_db_1234",
            "performance_insights_enabled": false,
            "performance_insights_kms_key_id": "",
            "performance_insights_retention_period": 0,
            "port": 5432,
            "publicly_accessible": false,
            "replicas": [],
            "replicate_source_db": "",
            "resource_id": "db-HGOWTOSS3RL6UKL3TABAPZR7U4",
            "restore_to_point_in_time": [],
            "s3_import": [],
            "security_group_names": null,
            "skip_final_snapshot": true,
            "snapshot_identifier": null,
            "status": "available",
            "storage_encrypted": false,
            "storage_type": "gp2",
            "tags": null,
            "timeouts": null,
            "timezone": "",
            "username": "drew",
            "vpc_security_group_ids": [
              "sg-0bc8b858e5bdc139e"
            ]
          },
          "private": "eyJlMmJmYjczMC1lY2FhLTExZTYtOGY4OC0zNDM2M2JjN2M0YzAiOnsiY3JlYXRlIjoyNDAwMDAwMDAwMDAwLCJkZWxldGUiOjM2MDAwMDAwMDAwMDAsInVwZGF0ZSI6NDgwMDAwMDAwMDAwMH0sInNjaGVtYV92ZXJzaW9uIjoiMSJ9",
          "dependencies": [
            "module.vpc.aws_db_subnet_group.database",
            "module.vpc.aws_subnet.database",
            "module.vpc.aws_vpc.this",
            "module.vpc.aws_vpc_ipv4_cidr_block_association.this"
          ]
        }
      ]
    },
    {
      "mode": "managed",
      "type": "aws_ecr_repository",
      "name": "hello_world_repo",
      "provider": "provider[\"registry.terraform.io/hashicorp/aws\"]",
      "instances": [
        {
          "schema_version": 0,
          "attributes": {
            "arn": "arn:aws:ecr:us-east-1:599908802495:repository/hello-world-demo-repo",
            "encryption_configuration": [
              {
                "encryption_type": "AES256",
                "kms_key": ""
              }
            ],
            "id": "hello-world-demo-repo",
            "image_scanning_configuration": [
              {
                "scan_on_push": true
              }
            ],
            "image_tag_mutability": "MUTABLE",
            "name": "hello-world-demo-repo",
            "registry_id": "599908802495",
            "repository_url": "599908802495.dkr.ecr.us-east-1.amazonaws.com/hello-world-demo-repo",
            "tags": null,
            "timeouts": null
          },
          "private": "eyJlMmJmYjczMC1lY2FhLTExZTYtOGY4OC0zNDM2M2JjN2M0YzAiOnsiZGVsZXRlIjoxMjAwMDAwMDAwMDAwfX0="
        }
      ]
    },
    {
      "module": "module.eks.module.eks",
      "mode": "managed",
      "type": "aws_eks_cluster",
      "name": "this",
      "provider": "provider[\"registry.terraform.io/hashicorp/aws\"]",
      "instances": [
        {
          "index_key": 0,
          "deposed": "eea169af",
          "schema_version": 0,
          "attributes": null,
          "private": "eyJlMmJmYjczMC1lY2FhLTExZTYtOGY4OC0zNDM2M2JjN2M0YzAiOnsiY3JlYXRlIjoxODAwMDAwMDAwMDAwLCJkZWxldGUiOjkwMDAwMDAwMDAwMCwidXBkYXRlIjozNjAwMDAwMDAwMDAwfX0=",
          "dependencies": [
            "module.eks.module.eks.aws_cloudwatch_log_group.this",
            "module.eks.module.eks.aws_iam_role.cluster",
            "module.eks.module.eks.aws_iam_role_policy_attachment.cluster_AmazonEKSClusterPolicy",
            "module.eks.module.eks.aws_iam_role_policy_attachment.cluster_AmazonEKSServicePolicy",
            "module.eks.module.eks.aws_security_group.cluster",
            "module.eks.module.eks.aws_security_group.workers",
            "module.eks.module.eks.aws_security_group_rule.cluster_egress_internet",
            "module.eks.module.eks.aws_security_group_rule.cluster_https_worker_ingress",
            "module.eks.module.eks.data.aws_iam_policy_document.cluster_assume_role_policy",
            "module.eks.module.eks.data.aws_iam_role.custom_cluster_iam_role",
            "module.eks.module.eks.data.aws_partition.current",
            "module.vpc.aws_subnet.private",
            "module.vpc.aws_vpc.this",
            "module.vpc.aws_vpc_ipv4_cidr_block_association.this"
          ]
        }
      ]
    },
    {
      "module": "module.eks.module.eks",
      "mode": "managed",
      "type": "aws_security_group_rule",
      "name": "workers_egress_internet",
      "provider": "provider[\"registry.terraform.io/hashicorp/aws\"]",
      "instances": [
        {
          "index_key": 0,
          "deposed": "7b396b2a",
          "schema_version": 2,
          "attributes": null,
          "private": "eyJzY2hlbWFfdmVyc2lvbiI6IjIifQ==",
          "dependencies": [
            "module.eks.module.eks.aws_security_group.workers",
            "module.vpc.aws_vpc.this"
          ]
        }
      ]
    },
    {
      "module": "module.eks.module.eks",
      "mode": "managed",
      "type": "aws_security_group_rule",
      "name": "workers_ingress_cluster",
      "provider": "provider[\"registry.terraform.io/hashicorp/aws\"]",
      "instances": [
        {
          "index_key": 0,
          "deposed": "5fbfe316",
          "schema_version": 2,
          "attributes": null,
          "private": "eyJzY2hlbWFfdmVyc2lvbiI6IjIifQ==",
          "dependencies": [
            "module.eks.module.eks.aws_security_group.cluster",
            "module.eks.module.eks.aws_security_group.workers",
            "module.vpc.aws_vpc.this"
          ]
        }
      ]
    },
    {
      "module": "module.eks.module.eks",
      "mode": "managed",
      "type": "aws_security_group_rule",
      "name": "workers_ingress_cluster_https",
      "provider": "provider[\"registry.terraform.io/hashicorp/aws\"]",
      "instances": [
        {
          "index_key": 0,
          "deposed": "3d72864b",
          "schema_version": 2,
          "attributes": null,
          "private": "eyJzY2hlbWFfdmVyc2lvbiI6IjIifQ==",
          "dependencies": [
            "module.eks.module.eks.aws_security_group.cluster",
            "module.eks.module.eks.aws_security_group.workers",
            "module.vpc.aws_vpc.this"
          ]
        }
      ]
    },
    {
      "module": "module.eks.module.eks",
      "mode": "managed",
      "type": "aws_security_group_rule",
      "name": "workers_ingress_self",
      "provider": "provider[\"registry.terraform.io/hashicorp/aws\"]",
      "instances": [
        {
          "index_key": 0,
          "deposed": "121636e9",
          "schema_version": 2,
          "attributes": null,
          "private": "eyJzY2hlbWFfdmVyc2lvbiI6IjIifQ==",
          "dependencies": [
            "module.eks.module.eks.aws_security_group.workers",
            "module.vpc.aws_vpc.this"
          ]
        }
      ]
    },
    {
      "module": "module.vpc",
      "mode": "managed",
      "type": "aws_db_subnet_group",
      "name": "database",
      "provider": "provider[\"registry.terraform.io/hashicorp/aws\"]",
      "instances": [
        {
          "index_key": 0,
          "schema_version": 0,
          "attributes": {
            "arn": "arn:aws:rds:us-east-1:599908802495:subgrp:hello_world_demo",
            "description": "Database subnet group for hello_world_demo",
            "id": "hello_world_demo",
            "name": "hello_world_demo",
            "name_prefix": null,
            "subnet_ids": [
              "subnet-04c803c864a61da86",
              "subnet-0dd10ed31ace64f6f"
            ],
            "tags": {
              "Environment": "dev",
              "Name": "hello_world_demo",
              "Terraform": "true"
            }
          },
          "private": "bnVsbA==",
          "dependencies": [
            "module.vpc.aws_subnet.database",
            "module.vpc.aws_vpc.this",
            "module.vpc.aws_vpc_ipv4_cidr_block_association.this"
          ]
        }
      ]
    },
    {
      "module": "module.vpc",
      "mode": "managed",
      "type": "aws_eip",
      "name": "nat",
      "provider": "provider[\"registry.terraform.io/hashicorp/aws\"]",
      "instances": [
        {
          "index_key": 0,
          "schema_version": 0,
          "attributes": {
            "allocation_id": null,
            "associate_with_private_ip": null,
            "association_id": "",
            "carrier_ip": "",
            "customer_owned_ip": "",
            "customer_owned_ipv4_pool": "",
            "domain": "vpc",
            "id": "eipalloc-01694bdc8460dafec",
            "instance": "",
            "network_border_group": "us-east-1",
            "network_interface": "",
            "private_dns": null,
            "private_ip": "",
            "public_dns": "ec2-54-174-179-170.compute-1.amazonaws.com",
            "public_ip": "54.174.179.170",
            "public_ipv4_pool": "amazon",
            "tags": {
              "Environment": "dev",
              "Name": "hello_world_demo-us-east-1a",
              "Terraform": "true"
            },
            "timeouts": null,
            "vpc": true
          },
          "private": "eyJlMmJmYjczMC1lY2FhLTExZTYtOGY4OC0zNDM2M2JjN2M0YzAiOnsiZGVsZXRlIjoxODAwMDAwMDAwMDAsInJlYWQiOjkwMDAwMDAwMDAwMCwidXBkYXRlIjozMDAwMDAwMDAwMDB9fQ=="
        }
      ]
    },
    {
      "module": "module.vpc",
      "mode": "managed",
      "type": "aws_internet_gateway",
      "name": "this",
      "provider": "provider[\"registry.terraform.io/hashicorp/aws\"]",
      "instances": [
        {
          "index_key": 0,
          "schema_version": 0,
          "attributes": {
            "arn": "arn:aws:ec2:us-east-1:599908802495:internet-gateway/igw-0c1ad164a73c06da3",
            "id": "igw-0c1ad164a73c06da3",
            "owner_id": "599908802495",
            "tags": {
              "Environment": "dev",
              "Name": "hello_world_demo",
              "Terraform": "true"
            },
            "vpc_id": "vpc-0a99b62d225d4f4c8"
          },
          "private": "bnVsbA==",
          "dependencies": [
            "module.vpc.aws_vpc.this",
            "module.vpc.aws_vpc_ipv4_cidr_block_association.this"
          ]
        }
      ]
    },
    {
      "module": "module.vpc",
      "mode": "managed",
      "type": "aws_nat_gateway",
      "name": "this",
      "provider": "provider[\"registry.terraform.io/hashicorp/aws\"]",
      "instances": [
        {
          "index_key": 0,
          "schema_version": 0,
          "attributes": {
            "allocation_id": "eipalloc-01694bdc8460dafec",
            "id": "nat-052f1db47a534618e",
            "network_interface_id": "eni-006639a6ee9f1e723",
            "private_ip": "10.11.20.62",
            "public_ip": "54.174.179.170",
            "subnet_id": "subnet-04bf16d6fc39bea58",
            "tags": {
              "Environment": "dev",
              "Name": "hello_world_demo-us-east-1a",
              "Terraform": "true"
            }
          },
          "private": "bnVsbA==",
          "dependencies": [
            "module.vpc.aws_eip.nat",
            "module.vpc.aws_internet_gateway.this",
            "module.vpc.aws_subnet.public",
            "module.vpc.aws_vpc.this",
            "module.vpc.aws_vpc_ipv4_cidr_block_association.this"
          ]
        }
      ]
    },
    {
      "module": "module.vpc",
      "mode": "managed",
      "type": "aws_route",
      "name": "private_nat_gateway",
      "provider": "provider[\"registry.terraform.io/hashicorp/aws\"]",
      "instances": [
        {
          "index_key": 0,
          "schema_version": 0,
          "attributes": {
            "destination_cidr_block": "0.0.0.0/0",
            "destination_ipv6_cidr_block": "",
            "destination_prefix_list_id": "",
            "egress_only_gateway_id": "",
            "gateway_id": "",
            "id": "r-rtb-08f8f462f0c86ae5d1080289494",
            "instance_id": "",
            "instance_owner_id": "",
            "local_gateway_id": "",
            "nat_gateway_id": "nat-052f1db47a534618e",
            "network_interface_id": "",
            "origin": "CreateRoute",
            "route_table_id": "rtb-08f8f462f0c86ae5d",
            "state": "active",
            "timeouts": {
              "create": "5m",
              "delete": null
            },
            "transit_gateway_id": "",
            "vpc_endpoint_id": "",
            "vpc_peering_connection_id": ""
          },
          "private": "eyJlMmJmYjczMC1lY2FhLTExZTYtOGY4OC0zNDM2M2JjN2M0YzAiOnsiY3JlYXRlIjozMDAwMDAwMDAwMDAsImRlbGV0ZSI6MzAwMDAwMDAwMDAwfX0=",
          "dependencies": [
            "module.vpc.aws_eip.nat",
            "module.vpc.aws_internet_gateway.this",
            "module.vpc.aws_nat_gateway.this",
            "module.vpc.aws_route_table.private",
            "module.vpc.aws_subnet.public",
            "module.vpc.aws_vpc.this",
            "module.vpc.aws_vpc_ipv4_cidr_block_association.this"
          ]
        }
      ]
    },
    {
      "module": "module.vpc",
      "mode": "managed",
      "type": "aws_route",
      "name": "public_internet_gateway",
      "provider": "provider[\"registry.terraform.io/hashicorp/aws\"]",
      "instances": [
        {
          "index_key": 0,
          "schema_version": 0,
          "attributes": {
            "destination_cidr_block": "0.0.0.0/0",
            "destination_ipv6_cidr_block": "",
            "destination_prefix_list_id": "",
            "egress_only_gateway_id": "",
            "gateway_id": "igw-0c1ad164a73c06da3",
            "id": "r-rtb-045c9b4550d05f71d1080289494",
            "instance_id": "",
            "instance_owner_id": "",
            "local_gateway_id": "",
            "nat_gateway_id": "",
            "network_interface_id": "",
            "origin": "CreateRoute",
            "route_table_id": "rtb-045c9b4550d05f71d",
            "state": "active",
            "timeouts": {
              "create": "5m",
              "delete": null
            },
            "transit_gateway_id": "",
            "vpc_endpoint_id": "",
            "vpc_peering_connection_id": ""
          },
          "private": "eyJlMmJmYjczMC1lY2FhLTExZTYtOGY4OC0zNDM2M2JjN2M0YzAiOnsiY3JlYXRlIjozMDAwMDAwMDAwMDAsImRlbGV0ZSI6MzAwMDAwMDAwMDAwfX0=",
          "dependencies": [
            "module.vpc.aws_internet_gateway.this",
            "module.vpc.aws_route_table.public",
            "module.vpc.aws_vpc.this",
            "module.vpc.aws_vpc_ipv4_cidr_block_association.this"
          ]
        }
      ]
    },
    {
      "module": "module.vpc",
      "mode": "managed",
      "type": "aws_route_table",
      "name": "private",
      "provider": "provider[\"registry.terraform.io/hashicorp/aws\"]",
      "instances": [
        {
          "index_key": 0,
          "schema_version": 0,
          "attributes": {
            "id": "rtb-08f8f462f0c86ae5d",
            "owner_id": "599908802495",
            "propagating_vgws": [],
            "route": [],
            "tags": {
              "Environment": "dev",
              "Name": "hello_world_demo-private",
              "Terraform": "true"
            },
            "vpc_id": "vpc-0a99b62d225d4f4c8"
          },
          "private": "bnVsbA==",
          "dependencies": [
            "module.vpc.aws_vpc.this",
            "module.vpc.aws_vpc_ipv4_cidr_block_association.this"
          ]
        }
      ]
    },
    {
      "module": "module.vpc",
      "mode": "managed",
      "type": "aws_route_table",
      "name": "public",
      "provider": "provider[\"registry.terraform.io/hashicorp/aws\"]",
      "instances": [
        {
          "index_key": 0,
          "schema_version": 0,
          "attributes": {
            "id": "rtb-045c9b4550d05f71d",
            "owner_id": "599908802495",
            "propagating_vgws": [],
            "route": [],
            "tags": {
              "Environment": "dev",
              "Name": "hello_world_demo-public",
              "Terraform": "true"
            },
            "vpc_id": "vpc-0a99b62d225d4f4c8"
          },
          "private": "bnVsbA==",
          "dependencies": [
            "module.vpc.aws_vpc.this",
            "module.vpc.aws_vpc_ipv4_cidr_block_association.this"
          ]
        }
      ]
    },
    {
      "module": "module.vpc",
      "mode": "managed",
      "type": "aws_route_table_association",
      "name": "database",
      "provider": "provider[\"registry.terraform.io/hashicorp/aws\"]",
      "instances": [
        {
          "index_key": 0,
          "schema_version": 0,
          "attributes": {
            "gateway_id": null,
            "id": "rtbassoc-03d9641ca80e9db23",
            "route_table_id": "rtb-08f8f462f0c86ae5d",
            "subnet_id": "subnet-0dd10ed31ace64f6f"
          },
          "private": "bnVsbA==",
          "dependencies": [
            "module.vpc.aws_route_table.database",
            "module.vpc.aws_route_table.private",
            "module.vpc.aws_subnet.database",
            "module.vpc.aws_vpc.this",
            "module.vpc.aws_vpc_ipv4_cidr_block_association.this"
          ]
        },
        {
          "index_key": 1,
          "schema_version": 0,
          "attributes": {
            "gateway_id": null,
            "id": "rtbassoc-003bcf9c9ec2caf84",
            "route_table_id": "rtb-08f8f462f0c86ae5d",
            "subnet_id": "subnet-04c803c864a61da86"
          },
          "private": "bnVsbA==",
          "dependencies": [
            "module.vpc.aws_route_table.database",
            "module.vpc.aws_route_table.private",
            "module.vpc.aws_subnet.database",
            "module.vpc.aws_vpc.this",
            "module.vpc.aws_vpc_ipv4_cidr_block_association.this"
          ]
        }
      ]
    },
    {
      "module": "module.vpc",
      "mode": "managed",
      "type": "aws_route_table_association",
      "name": "private",
      "provider": "provider[\"registry.terraform.io/hashicorp/aws\"]",
      "instances": [
        {
          "index_key": 0,
          "schema_version": 0,
          "attributes": {
            "gateway_id": null,
            "id": "rtbassoc-0c53a26c7bbbf174e",
            "route_table_id": "rtb-08f8f462f0c86ae5d",
            "subnet_id": "subnet-096ff4de659530b74"
          },
          "private": "bnVsbA==",
          "dependencies": [
            "module.vpc.aws_route_table.private",
            "module.vpc.aws_subnet.private",
            "module.vpc.aws_vpc.this",
            "module.vpc.aws_vpc_ipv4_cidr_block_association.this"
          ]
        },
        {
          "index_key": 1,
          "schema_version": 0,
          "attributes": {
            "gateway_id": null,
            "id": "rtbassoc-0a139ca583591dac0",
            "route_table_id": "rtb-08f8f462f0c86ae5d",
            "subnet_id": "subnet-05fe4f98639ff4274"
          },
          "private": "bnVsbA==",
          "dependencies": [
            "module.vpc.aws_route_table.private",
            "module.vpc.aws_subnet.private",
            "module.vpc.aws_vpc.this",
            "module.vpc.aws_vpc_ipv4_cidr_block_association.this"
          ]
        }
      ]
    },
    {
      "module": "module.vpc",
      "mode": "managed",
      "type": "aws_route_table_association",
      "name": "public",
      "provider": "provider[\"registry.terraform.io/hashicorp/aws\"]",
      "instances": [
        {
          "index_key": 0,
          "schema_version": 0,
          "attributes": {
            "gateway_id": null,
            "id": "rtbassoc-00953f8d1193852ff",
            "route_table_id": "rtb-045c9b4550d05f71d",
            "subnet_id": "subnet-04bf16d6fc39bea58"
          },
          "private": "bnVsbA==",
          "dependencies": [
            "module.vpc.aws_route_table.public",
            "module.vpc.aws_subnet.public",
            "module.vpc.aws_vpc.this",
            "module.vpc.aws_vpc_ipv4_cidr_block_association.this"
          ]
        },
        {
          "index_key": 1,
          "schema_version": 0,
          "attributes": {
            "gateway_id": null,
            "id": "rtbassoc-06a811eedb97e3646",
            "route_table_id": "rtb-045c9b4550d05f71d",
            "subnet_id": "subnet-09b63ddc9dd314aa6"
          },
          "private": "bnVsbA==",
          "dependencies": [
            "module.vpc.aws_route_table.public",
            "module.vpc.aws_subnet.public",
            "module.vpc.aws_vpc.this",
            "module.vpc.aws_vpc_ipv4_cidr_block_association.this"
          ]
        }
      ]
    },
    {
      "module": "module.vpc",
      "mode": "managed",
      "type": "aws_subnet",
      "name": "database",
      "provider": "provider[\"registry.terraform.io/hashicorp/aws\"]",
      "instances": [
        {
          "index_key": 0,
          "schema_version": 1,
          "attributes": {
            "arn": "arn:aws:ec2:us-east-1:599908802495:subnet/subnet-0dd10ed31ace64f6f",
            "assign_ipv6_address_on_creation": false,
            "availability_zone": "us-east-1a",
            "availability_zone_id": "use1-az1",
            "cidr_block": "10.11.30.0/24",
            "customer_owned_ipv4_pool": "",
            "id": "subnet-0dd10ed31ace64f6f",
            "ipv6_cidr_block": "",
            "ipv6_cidr_block_association_id": "",
            "map_customer_owned_ip_on_launch": false,
            "map_public_ip_on_launch": false,
            "outpost_arn": "",
            "owner_id": "599908802495",
            "tags": {
              "Environment": "dev",
              "Name": "hello_world_demo-db-us-east-1a",
              "Terraform": "true"
            },
            "tags_all": {
              "Environment": "dev",
              "Name": "hello_world_demo-db-us-east-1a",
              "Terraform": "true"
            },
            "timeouts": null,
            "vpc_id": "vpc-0a99b62d225d4f4c8"
          },
          "private": "eyJlMmJmYjczMC1lY2FhLTExZTYtOGY4OC0zNDM2M2JjN2M0YzAiOnsiY3JlYXRlIjo2MDAwMDAwMDAwMDAsImRlbGV0ZSI6MTIwMDAwMDAwMDAwMH0sInNjaGVtYV92ZXJzaW9uIjoiMSJ9",
          "dependencies": [
            "module.vpc.aws_vpc.this",
            "module.vpc.aws_vpc_ipv4_cidr_block_association.this"
          ]
        },
        {
          "index_key": 1,
          "schema_version": 1,
          "attributes": {
            "arn": "arn:aws:ec2:us-east-1:599908802495:subnet/subnet-04c803c864a61da86",
            "assign_ipv6_address_on_creation": false,
            "availability_zone": "us-east-1b",
            "availability_zone_id": "use1-az2",
            "cidr_block": "10.11.31.0/24",
            "customer_owned_ipv4_pool": "",
            "id": "subnet-04c803c864a61da86",
            "ipv6_cidr_block": "",
            "ipv6_cidr_block_association_id": "",
            "map_customer_owned_ip_on_launch": false,
            "map_public_ip_on_launch": false,
            "outpost_arn": "",
            "owner_id": "599908802495",
            "tags": {
              "Environment": "dev",
              "Name": "hello_world_demo-db-us-east-1b",
              "Terraform": "true"
            },
            "tags_all": {
              "Environment": "dev",
              "Name": "hello_world_demo-db-us-east-1b",
              "Terraform": "true"
            },
            "timeouts": null,
            "vpc_id": "vpc-0a99b62d225d4f4c8"
          },
          "private": "eyJlMmJmYjczMC1lY2FhLTExZTYtOGY4OC0zNDM2M2JjN2M0YzAiOnsiY3JlYXRlIjo2MDAwMDAwMDAwMDAsImRlbGV0ZSI6MTIwMDAwMDAwMDAwMH0sInNjaGVtYV92ZXJzaW9uIjoiMSJ9",
          "dependencies": [
            "module.vpc.aws_vpc.this",
            "module.vpc.aws_vpc_ipv4_cidr_block_association.this"
          ]
        }
      ]
    },
    {
      "module": "module.vpc",
      "mode": "managed",
      "type": "aws_subnet",
      "name": "private",
      "provider": "provider[\"registry.terraform.io/hashicorp/aws\"]",
      "instances": [
        {
          "index_key": 0,
          "schema_version": 1,
          "attributes": {
            "arn": "arn:aws:ec2:us-east-1:599908802495:subnet/subnet-096ff4de659530b74",
            "assign_ipv6_address_on_creation": false,
            "availability_zone": "us-east-1a",
            "availability_zone_id": "use1-az1",
            "cidr_block": "10.11.10.0/24",
            "customer_owned_ipv4_pool": "",
            "id": "subnet-096ff4de659530b74",
            "ipv6_cidr_block": "",
            "ipv6_cidr_block_association_id": "",
            "map_customer_owned_ip_on_launch": false,
            "map_public_ip_on_launch": false,
            "outpost_arn": "",
            "owner_id": "599908802495",
            "tags": {
              "Environment": "dev",
              "Name": "hello_world_demo-private-us-east-1a",
              "Terraform": "true",
              "kubernetes.io/cluster/main": "shared"
            },
            "tags_all": {
              "Environment": "dev",
              "Name": "hello_world_demo-private-us-east-1a",
              "Terraform": "true",
              "kubernetes.io/cluster/main": "shared"
            },
            "timeouts": null,
            "vpc_id": "vpc-0a99b62d225d4f4c8"
          },
          "private": "eyJlMmJmYjczMC1lY2FhLTExZTYtOGY4OC0zNDM2M2JjN2M0YzAiOnsiY3JlYXRlIjo2MDAwMDAwMDAwMDAsImRlbGV0ZSI6MTIwMDAwMDAwMDAwMH0sInNjaGVtYV92ZXJzaW9uIjoiMSJ9",
          "dependencies": [
            "module.vpc.aws_vpc.this",
            "module.vpc.aws_vpc_ipv4_cidr_block_association.this"
          ]
        },
        {
          "index_key": 1,
          "schema_version": 1,
          "attributes": {
            "arn": "arn:aws:ec2:us-east-1:599908802495:subnet/subnet-05fe4f98639ff4274",
            "assign_ipv6_address_on_creation": false,
            "availability_zone": "us-east-1b",
            "availability_zone_id": "use1-az2",
            "cidr_block": "10.11.11.0/24",
            "customer_owned_ipv4_pool": "",
            "id": "subnet-05fe4f98639ff4274",
            "ipv6_cidr_block": "",
            "ipv6_cidr_block_association_id": "",
            "map_customer_owned_ip_on_launch": false,
            "map_public_ip_on_launch": false,
            "outpost_arn": "",
            "owner_id": "599908802495",
            "tags": {
              "Environment": "dev",
              "Name": "hello_world_demo-private-us-east-1b",
              "Terraform": "true",
              "kubernetes.io/cluster/main": "shared"
            },
            "tags_all": {
              "Environment": "dev",
              "Name": "hello_world_demo-private-us-east-1b",
              "Terraform": "true",
              "kubernetes.io/cluster/main": "shared"
            },
            "timeouts": null,
            "vpc_id": "vpc-0a99b62d225d4f4c8"
          },
          "private": "eyJlMmJmYjczMC1lY2FhLTExZTYtOGY4OC0zNDM2M2JjN2M0YzAiOnsiY3JlYXRlIjo2MDAwMDAwMDAwMDAsImRlbGV0ZSI6MTIwMDAwMDAwMDAwMH0sInNjaGVtYV92ZXJzaW9uIjoiMSJ9",
          "dependencies": [
            "module.vpc.aws_vpc.this",
            "module.vpc.aws_vpc_ipv4_cidr_block_association.this"
          ]
        }
      ]
    },
    {
      "module": "module.vpc",
      "mode": "managed",
      "type": "aws_subnet",
      "name": "public",
      "provider": "provider[\"registry.terraform.io/hashicorp/aws\"]",
      "instances": [
        {
          "index_key": 0,
          "schema_version": 1,
          "attributes": {
            "arn": "arn:aws:ec2:us-east-1:599908802495:subnet/subnet-04bf16d6fc39bea58",
            "assign_ipv6_address_on_creation": false,
            "availability_zone": "us-east-1a",
            "availability_zone_id": "use1-az1",
            "cidr_block": "10.11.20.0/24",
            "customer_owned_ipv4_pool": "",
            "id": "subnet-04bf16d6fc39bea58",
            "ipv6_cidr_block": "",
            "ipv6_cidr_block_association_id": "",
            "map_customer_owned_ip_on_launch": false,
            "map_public_ip_on_launch": true,
            "outpost_arn": "",
            "owner_id": "599908802495",
            "tags": {
              "Environment": "dev",
              "Name": "hello_world_demo-public-us-east-1a",
              "Terraform": "true"
            },
            "tags_all": {
              "Environment": "dev",
              "Name": "hello_world_demo-public-us-east-1a",
              "Terraform": "true"
            },
            "timeouts": null,
            "vpc_id": "vpc-0a99b62d225d4f4c8"
          },
          "private": "eyJlMmJmYjczMC1lY2FhLTExZTYtOGY4OC0zNDM2M2JjN2M0YzAiOnsiY3JlYXRlIjo2MDAwMDAwMDAwMDAsImRlbGV0ZSI6MTIwMDAwMDAwMDAwMH0sInNjaGVtYV92ZXJzaW9uIjoiMSJ9",
          "dependencies": [
            "module.vpc.aws_vpc.this",
            "module.vpc.aws_vpc_ipv4_cidr_block_association.this"
          ]
        },
        {
          "index_key": 1,
          "schema_version": 1,
          "attributes": {
            "arn": "arn:aws:ec2:us-east-1:599908802495:subnet/subnet-09b63ddc9dd314aa6",
            "assign_ipv6_address_on_creation": false,
            "availability_zone": "us-east-1b",
            "availability_zone_id": "use1-az2",
            "cidr_block": "10.11.21.0/24",
            "customer_owned_ipv4_pool": "",
            "id": "subnet-09b63ddc9dd314aa6",
            "ipv6_cidr_block": "",
            "ipv6_cidr_block_association_id": "",
            "map_customer_owned_ip_on_launch": false,
            "map_public_ip_on_launch": true,
            "outpost_arn": "",
            "owner_id": "599908802495",
            "tags": {
              "Environment": "dev",
              "Name": "hello_world_demo-public-us-east-1b",
              "Terraform": "true"
            },
            "tags_all": {
              "Environment": "dev",
              "Name": "hello_world_demo-public-us-east-1b",
              "Terraform": "true"
            },
            "timeouts": null,
            "vpc_id": "vpc-0a99b62d225d4f4c8"
          },
          "private": "eyJlMmJmYjczMC1lY2FhLTExZTYtOGY4OC0zNDM2M2JjN2M0YzAiOnsiY3JlYXRlIjo2MDAwMDAwMDAwMDAsImRlbGV0ZSI6MTIwMDAwMDAwMDAwMH0sInNjaGVtYV92ZXJzaW9uIjoiMSJ9",
          "dependencies": [
            "module.vpc.aws_vpc.this",
            "module.vpc.aws_vpc_ipv4_cidr_block_association.this"
          ]
        }
      ]
    },
    {
      "module": "module.vpc",
      "mode": "managed",
      "type": "aws_vpc",
      "name": "this",
      "provider": "provider[\"registry.terraform.io/hashicorp/aws\"]",
      "instances": [
        {
          "index_key": 0,
          "schema_version": 1,
          "attributes": {
            "arn": "arn:aws:ec2:us-east-1:599908802495:vpc/vpc-0a99b62d225d4f4c8",
            "assign_generated_ipv6_cidr_block": false,
            "cidr_block": "10.11.0.0/16",
            "default_network_acl_id": "acl-00979c1dffcff55b2",
            "default_route_table_id": "rtb-0af60081bc56ec7fe",
            "default_security_group_id": "sg-0bc8b858e5bdc139e",
            "dhcp_options_id": "dopt-ce0b58b4",
            "enable_classiclink": false,
            "enable_classiclink_dns_support": false,
            "enable_dns_hostnames": true,
            "enable_dns_support": true,
            "id": "vpc-0a99b62d225d4f4c8",
            "instance_tenancy": "default",
            "ipv6_association_id": "",
            "ipv6_cidr_block": "",
            "main_route_table_id": "rtb-0af60081bc56ec7fe",
            "owner_id": "599908802495",
            "tags": {
              "Environment": "dev",
              "Name": "hello_world_demo",
              "Terraform": "true"
            },
            "tags_all": {
              "Environment": "dev",
              "Name": "hello_world_demo",
              "Terraform": "true"
            }
          },
          "private": "eyJzY2hlbWFfdmVyc2lvbiI6IjEifQ=="
        }
      ]
    }
  ]
}
